Microsoft Visual Studio Solution File, Format Version 12.00
# Visual Studio Version 17
VisualStudioVersion = 17.5.2.0
MinimumVisualStudioVersion = 10.0.40219.1
Project("{FAE04EC0-301F-11D3-BF4B-00C04F79EFBC}") = "PrincipeD", "PrincipeD.csproj", "{D3044C4A-D168-B24F-E387-9225ACCBC01E}"
EndProject
Global
	GlobalSection(SolutionConfigurationPlatforms) = preSolution
		Debug|Any CPU = Debug|Any CPU
		Release|Any CPU = Release|Any CPU
	EndGlobalSection
	GlobalSection(ProjectConfigurationPlatforms) = postSolution
		{D3044C4A-D168-B24F-E387-9225ACCBC01E}.Debug|Any CPU.ActiveCfg = Debug|Any CPU
		{D3044C4A-D168-B24F-E387-9225ACCBC01E}.Debug|Any CPU.Build.0 = Debug|Any CPU
		{D3044C4A-D168-B24F-E387-9225ACCBC01E}.Release|Any CPU.ActiveCfg = Release|Any CPU
		{D3044C4A-D168-B24F-E387-9225ACCBC01E}.Release|Any CPU.Build.0 = Release|Any CPU
	EndGlobalSection
	GlobalSection(SolutionProperties) = preSolution
		HideSolutionNode = FALSE
	EndGlobalSection
	GlobalSection(ExtensibilityGlobals) = postSolution
		SolutionGuid = {3D793271-6CCF-4AD3-B23F-B5E570457C4A}
	EndGlobalSection
EndGlobal
