Microsoft Visual Studio Solution File, Format Version 12.00
# Visual Studio Version 17
VisualStudioVersion = 17.5.2.0
MinimumVisualStudioVersion = 10.0.40219.1
Project("{FAE04EC0-301F-11D3-BF4B-00C04F79EFBC}") = "PrincipeO", "PrincipeO.csproj", "{9E9AF6C8-F31A-3451-F5F7-3F28D25DBE02}"
EndProject
Global
	GlobalSection(SolutionConfigurationPlatforms) = preSolution
		Debug|Any CPU = Debug|Any CPU
		Release|Any CPU = Release|Any CPU
	EndGlobalSection
	GlobalSection(ProjectConfigurationPlatforms) = postSolution
		{9E9AF6C8-F31A-3451-F5F7-3F28D25DBE02}.Debug|Any CPU.ActiveCfg = Debug|Any CPU
		{9E9AF6C8-F31A-3451-F5F7-3F28D25DBE02}.Debug|Any CPU.Build.0 = Debug|Any CPU
		{9E9AF6C8-F31A-3451-F5F7-3F28D25DBE02}.Release|Any CPU.ActiveCfg = Release|Any CPU
		{9E9AF6C8-F31A-3451-F5F7-3F28D25DBE02}.Release|Any CPU.Build.0 = Release|Any CPU
	EndGlobalSection
	GlobalSection(SolutionProperties) = preSolution
		HideSolutionNode = FALSE
	EndGlobalSection
	GlobalSection(ExtensibilityGlobals) = postSolution
		SolutionGuid = {F7C47ECF-ECB2-4D48-9B91-02B418EED1F2}
	EndGlobalSection
EndGlobal
