Microsoft Visual Studio Solution File, Format Version 12.00
# Visual Studio Version 17
VisualStudioVersion = 17.5.2.0
MinimumVisualStudioVersion = 10.0.40219.1
Project("{FAE04EC0-301F-11D3-BF4B-00C04F79EFBC}") = "PrincipeS", "PrincipeS.csproj", "{64B1EE40-5E86-4E15-ECCF-1B39D338025A}"
EndProject
Global
	GlobalSection(SolutionConfigurationPlatforms) = preSolution
		Debug|Any CPU = Debug|Any CPU
		Release|Any CPU = Release|Any CPU
	EndGlobalSection
	GlobalSection(ProjectConfigurationPlatforms) = postSolution
		{64B1EE40-5E86-4E15-ECCF-1B39D338025A}.Debug|Any CPU.ActiveCfg = Debug|Any CPU
		{64B1EE40-5E86-4E15-ECCF-1B39D338025A}.Debug|Any CPU.Build.0 = Debug|Any CPU
		{64B1EE40-5E86-4E15-ECCF-1B39D338025A}.Release|Any CPU.ActiveCfg = Release|Any CPU
		{64B1EE40-5E86-4E15-ECCF-1B39D338025A}.Release|Any CPU.Build.0 = Release|Any CPU
	EndGlobalSection
	GlobalSection(SolutionProperties) = preSolution
		HideSolutionNode = FALSE
	EndGlobalSection
	GlobalSection(ExtensibilityGlobals) = postSolution
		SolutionGuid = {4EE9A6EC-07B7-4E36-A350-156833245BA2}
	EndGlobalSection
EndGlobal
